
Microsoft Visual Studio Solution File, Format Version 12.00
# Visual Studio Version 17
VisualStudioVersion = 17.7.34024.191
MinimumVisualStudioVersion = 10.0.40219.1
Project("{FAE04EC0-301F-11D3-BF4B-00C04F79EFBC}") = "Lab4_DE150247", "Lab4_DE150247.csproj", "{AECB53FF-CDBA-468C-ABB5-3737E9F0B2D4}"
EndProject
Global
	GlobalSection(SolutionConfigurationPlatforms) = preSolution
		Debug|Any CPU = Debug|Any CPU
		Release|Any CPU = Release|Any CPU
	EndGlobalSection
	GlobalSection(ProjectConfigurationPlatforms) = postSolution
		{AECB53FF-CDBA-468C-ABB5-3737E9F0B2D4}.Debug|Any CPU.ActiveCfg = Debug|Any CPU
		{AECB53FF-CDBA-468C-ABB5-3737E9F0B2D4}.Debug|Any CPU.Build.0 = Debug|Any CPU
		{AECB53FF-CDBA-468C-ABB5-3737E9F0B2D4}.Release|Any CPU.ActiveCfg = Release|Any CPU
		{AECB53FF-CDBA-468C-ABB5-3737E9F0B2D4}.Release|Any CPU.Build.0 = Release|Any CPU
	EndGlobalSection
	GlobalSection(SolutionProperties) = preSolution
		HideSolutionNode = FALSE
	EndGlobalSection
	GlobalSection(ExtensibilityGlobals) = postSolution
		SolutionGuid = {BFFBB77A-1220-4C62-AD27-8A88B65D0359}
	EndGlobalSection
EndGlobal
